
Microsoft Visual Studio Solution File, Format Version 12.00
# Visual Studio Version 17
VisualStudioVersion = 17.9.34723.18
MinimumVisualStudioVersion = 10.0.40219.1
Project("{9A19103F-16F7-4668-BE54-9A1E7A4F7556}") = "ArpScan", "ArpScan\ArpScan.csproj", "{187D3657-F868-4608-8094-9595091FE080}"
EndProject
Project("{9A19103F-16F7-4668-BE54-9A1E7A4F7556}") = "ArpScan.Desktop.WPF", "ArpScan.Desktop.WPF\ArpScan.Desktop.WPF.csproj", "{307370B6-82C6-4087-BBB3-F5E8B230BC4B}"
EndProject
Global
	GlobalSection(SolutionConfigurationPlatforms) = preSolution
		Debug|Any CPU = Debug|Any CPU
		Release|Any CPU = Release|Any CPU
	EndGlobalSection
	GlobalSection(ProjectConfigurationPlatforms) = postSolution
		{187D3657-F868-4608-8094-9595091FE080}.Debug|Any CPU.ActiveCfg = Debug|Any CPU
		{187D3657-F868-4608-8094-9595091FE080}.Debug|Any CPU.Build.0 = Debug|Any CPU
		{187D3657-F868-4608-8094-9595091FE080}.Release|Any CPU.ActiveCfg = Release|Any CPU
		{187D3657-F868-4608-8094-9595091FE080}.Release|Any CPU.Build.0 = Release|Any CPU
		{307370B6-82C6-4087-BBB3-F5E8B230BC4B}.Debug|Any CPU.ActiveCfg = Debug|Any CPU
		{307370B6-82C6-4087-BBB3-F5E8B230BC4B}.Debug|Any CPU.Build.0 = Debug|Any CPU
		{307370B6-82C6-4087-BBB3-F5E8B230BC4B}.Release|Any CPU.ActiveCfg = Release|Any CPU
		{307370B6-82C6-4087-BBB3-F5E8B230BC4B}.Release|Any CPU.Build.0 = Release|Any CPU
	EndGlobalSection
	GlobalSection(SolutionProperties) = preSolution
		HideSolutionNode = FALSE
	EndGlobalSection
	GlobalSection(ExtensibilityGlobals) = postSolution
		SolutionGuid = {198D4060-B75D-49FB-A90E-F583580FAF07}
	EndGlobalSection
EndGlobal
